// !$*UTF8*$!
{
	archiveVersion = 1;
	classes = {
	};
	objectVersion = 48;
	objects = {

/* Begin PBXBuildFile section */
		5680B29662353821BF2629C1 /* Pods_DueDueTests.framework in Frameworks */ = {isa = PBXBuildFile; fileRef = E1EAF3DFE2C831E198828250 /* Pods_DueDueTests.framework */; };
		9CE1AD0064DAF6142FF68AF4 /* Pods_DueDue.framework in Frameworks */ = {isa = PBXBuildFile; fileRef = 0C8EE4C7BB95C943EC4400C9 /* Pods_DueDue.framework */; };
		DCC48B741FD83BE700B6EBCB /* AppDelegate.swift in Sources */ = {isa = PBXBuildFile; fileRef = DCC48B731FD83BE700B6EBCB /* AppDelegate.swift */; };
		DCC48B761FD83BE700B6EBCB /* MasterViewController.swift in Sources */ = {isa = PBXBuildFile; fileRef = DCC48B751FD83BE700B6EBCB /* MasterViewController.swift */; };
		DCC48B781FD83BE700B6EBCB /* DetailViewController.swift in Sources */ = {isa = PBXBuildFile; fileRef = DCC48B771FD83BE700B6EBCB /* DetailViewController.swift */; };
		DCC48B7B1FD83BE700B6EBCB /* Main.storyboard in Resources */ = {isa = PBXBuildFile; fileRef = DCC48B791FD83BE700B6EBCB /* Main.storyboard */; };
		DCC48B7D1FD83BE700B6EBCB /* Assets.xcassets in Resources */ = {isa = PBXBuildFile; fileRef = DCC48B7C1FD83BE700B6EBCB /* Assets.xcassets */; };
		DCC48B801FD83BE700B6EBCB /* LaunchScreen.storyboard in Resources */ = {isa = PBXBuildFile; fileRef = DCC48B7E1FD83BE700B6EBCB /* LaunchScreen.storyboard */; };
		DCC48B8B1FD83BE700B6EBCB /* DueDueTests.swift in Sources */ = {isa = PBXBuildFile; fileRef = DCC48B8A1FD83BE700B6EBCB /* DueDueTests.swift */; };
		DCC48B961FD83C6500B6EBCB /* Product.swift in Sources */ = {isa = PBXBuildFile; fileRef = DCC48B951FD83C6500B6EBCB /* Product.swift */; };
		DCC48B981FD83C7300B6EBCB /* ProductTests.swift in Sources */ = {isa = PBXBuildFile; fileRef = DCC48B971FD83C7300B6EBCB /* ProductTests.swift */; };
/* End PBXBuildFile section */

/* Begin PBXContainerItemProxy section */
		DCC48B871FD83BE700B6EBCB /* PBXContainerItemProxy */ = {
			isa = PBXContainerItemProxy;
			containerPortal = DCC48B681FD83BE700B6EBCB /* Project object */;
			proxyType = 1;
			remoteGlobalIDString = DCC48B6F1FD83BE700B6EBCB;
			remoteInfo = DueDue;
		};
/* End PBXContainerItemProxy section */

/* Begin PBXFileReference section */
		0C8EE4C7BB95C943EC4400C9 /* Pods_DueDue.framework */ = {isa = PBXFileReference; explicitFileType = wrapper.framework; includeInIndex = 0; path = Pods_DueDue.framework; sourceTree = BUILT_PRODUCTS_DIR; };
		47680D6EE9E91F1BF8AC4A53 /* Pods-DueDueTests.debug.xcconfig */ = {isa = PBXFileReference; includeInIndex = 1; lastKnownFileType = text.xcconfig; name = "Pods-DueDueTests.debug.xcconfig"; path = "Pods/Target Support Files/Pods-DueDueTests/Pods-DueDueTests.debug.xcconfig"; sourceTree = "<group>"; };
		7821A071A62668D36D0E7AEC /* Pods-DueDueTests.release.xcconfig */ = {isa = PBXFileReference; includeInIndex = 1; lastKnownFileType = text.xcconfig; name = "Pods-DueDueTests.release.xcconfig"; path = "Pods/Target Support Files/Pods-DueDueTests/Pods-DueDueTests.release.xcconfig"; sourceTree = "<group>"; };
		C4B670BB29F0DD05D0648D42 /* Pods-DueDue.debug.xcconfig */ = {isa = PBXFileReference; includeInIndex = 1; lastKnownFileType = text.xcconfig; name = "Pods-DueDue.debug.xcconfig"; path = "Pods/Target Support Files/Pods-DueDue/Pods-DueDue.debug.xcconfig"; sourceTree = "<group>"; };
		DCC48B701FD83BE700B6EBCB /* DueDue.app */ = {isa = PBXFileReference; explicitFileType = wrapper.application; includeInIndex = 0; path = DueDue.app; sourceTree = BUILT_PRODUCTS_DIR; };
		DCC48B731FD83BE700B6EBCB /* AppDelegate.swift */ = {isa = PBXFileReference; lastKnownFileType = sourcecode.swift; path = AppDelegate.swift; sourceTree = "<group>"; };
		DCC48B751FD83BE700B6EBCB /* MasterViewController.swift */ = {isa = PBXFileReference; lastKnownFileType = sourcecode.swift; path = MasterViewController.swift; sourceTree = "<group>"; };
		DCC48B771FD83BE700B6EBCB /* DetailViewController.swift */ = {isa = PBXFileReference; lastKnownFileType = sourcecode.swift; path = DetailViewController.swift; sourceTree = "<group>"; };
		DCC48B7A1FD83BE700B6EBCB /* Base */ = {isa = PBXFileReference; lastKnownFileType = file.storyboard; name = Base; path = Base.lproj/Main.storyboard; sourceTree = "<group>"; };
		DCC48B7C1FD83BE700B6EBCB /* Assets.xcassets */ = {isa = PBXFileReference; lastKnownFileType = folder.assetcatalog; path = Assets.xcassets; sourceTree = "<group>"; };
		DCC48B7F1FD83BE700B6EBCB /* Base */ = {isa = PBXFileReference; lastKnownFileType = file.storyboard; name = Base; path = Base.lproj/LaunchScreen.storyboard; sourceTree = "<group>"; };
		DCC48B811FD83BE700B6EBCB /* Info.plist */ = {isa = PBXFileReference; lastKnownFileType = text.plist.xml; path = Info.plist; sourceTree = "<group>"; };
		DCC48B861FD83BE700B6EBCB /* DueDueTests.xctest */ = {isa = PBXFileReference; explicitFileType = wrapper.cfbundle; includeInIndex = 0; path = DueDueTests.xctest; sourceTree = BUILT_PRODUCTS_DIR; };
		DCC48B8A1FD83BE700B6EBCB /* DueDueTests.swift */ = {isa = PBXFileReference; lastKnownFileType = sourcecode.swift; path = DueDueTests.swift; sourceTree = "<group>"; };
		DCC48B8C1FD83BE700B6EBCB /* Info.plist */ = {isa = PBXFileReference; lastKnownFileType = text.plist.xml; path = Info.plist; sourceTree = "<group>"; };
		DCC48B951FD83C6500B6EBCB /* Product.swift */ = {isa = PBXFileReference; lastKnownFileType = sourcecode.swift; path = Product.swift; sourceTree = "<group>"; };
		DCC48B971FD83C7300B6EBCB /* ProductTests.swift */ = {isa = PBXFileReference; lastKnownFileType = sourcecode.swift; path = ProductTests.swift; sourceTree = "<group>"; };
		E1EAF3DFE2C831E198828250 /* Pods_DueDueTests.framework */ = {isa = PBXFileReference; explicitFileType = wrapper.framework; includeInIndex = 0; path = Pods_DueDueTests.framework; sourceTree = BUILT_PRODUCTS_DIR; };
		FF1470EF00D9F07437DE0523 /* Pods-DueDue.release.xcconfig */ = {isa = PBXFileReference; includeInIndex = 1; lastKnownFileType = text.xcconfig; name = "Pods-DueDue.release.xcconfig"; path = "Pods/Target Support Files/Pods-DueDue/Pods-DueDue.release.xcconfig"; sourceTree = "<group>"; };
/* End PBXFileReference section */

/* Begin PBXFrameworksBuildPhase section */
		DCC48B6D1FD83BE700B6EBCB /* Frameworks */ = {
			isa = PBXFrameworksBuildPhase;
			buildActionMask = 2147483647;
			files = (
				9CE1AD0064DAF6142FF68AF4 /* Pods_DueDue.framework in Frameworks */,
			);
			runOnlyForDeploymentPostprocessing = 0;
		};
		DCC48B831FD83BE700B6EBCB /* Frameworks */ = {
			isa = PBXFrameworksBuildPhase;
			buildActionMask = 2147483647;
			files = (
				5680B29662353821BF2629C1 /* Pods_DueDueTests.framework in Frameworks */,
			);
			runOnlyForDeploymentPostprocessing = 0;
		};
/* End PBXFrameworksBuildPhase section */

/* Begin PBXGroup section */
		ACAEE98476FDE1B318C336CC /* Pods */ = {
			isa = PBXGroup;
			children = (
				C4B670BB29F0DD05D0648D42 /* Pods-DueDue.debug.xcconfig */,
				FF1470EF00D9F07437DE0523 /* Pods-DueDue.release.xcconfig */,
				47680D6EE9E91F1BF8AC4A53 /* Pods-DueDueTests.debug.xcconfig */,
				7821A071A62668D36D0E7AEC /* Pods-DueDueTests.release.xcconfig */,
			);
			name = Pods;
			sourceTree = "<group>";
		};
		D80169DE0AABEF33274BC281 /* Frameworks */ = {
			isa = PBXGroup;
			children = (
				0C8EE4C7BB95C943EC4400C9 /* Pods_DueDue.framework */,
				E1EAF3DFE2C831E198828250 /* Pods_DueDueTests.framework */,
			);
			name = Frameworks;
			sourceTree = "<group>";
		};
		DCC48B671FD83BE700B6EBCB = {
			isa = PBXGroup;
			children = (
				DCC48B721FD83BE700B6EBCB /* DueDue */,
				DCC48B891FD83BE700B6EBCB /* DueDueTests */,
				DCC48B711FD83BE700B6EBCB /* Products */,
				ACAEE98476FDE1B318C336CC /* Pods */,
				D80169DE0AABEF33274BC281 /* Frameworks */,
			);
			sourceTree = "<group>";
		};
		DCC48B711FD83BE700B6EBCB /* Products */ = {
			isa = PBXGroup;
			children = (
				DCC48B701FD83BE700B6EBCB /* DueDue.app */,
				DCC48B861FD83BE700B6EBCB /* DueDueTests.xctest */,
			);
			name = Products;
			sourceTree = "<group>";
		};
		DCC48B721FD83BE700B6EBCB /* DueDue */ = {
			isa = PBXGroup;
			children = (
				DCC48B731FD83BE700B6EBCB /* AppDelegate.swift */,
				DCC48B751FD83BE700B6EBCB /* MasterViewController.swift */,
				DCC48B771FD83BE700B6EBCB /* DetailViewController.swift */,
				DCC48B791FD83BE700B6EBCB /* Main.storyboard */,
				DCC48B7C1FD83BE700B6EBCB /* Assets.xcassets */,
				DCC48B7E1FD83BE700B6EBCB /* LaunchScreen.storyboard */,
				DCC48B811FD83BE700B6EBCB /* Info.plist */,
				DCC48B951FD83C6500B6EBCB /* Product.swift */,
			);
			path = DueDue;
			sourceTree = "<group>";
		};
		DCC48B891FD83BE700B6EBCB /* DueDueTests */ = {
			isa = PBXGroup;
			children = (
				DCC48B8A1FD83BE700B6EBCB /* DueDueTests.swift */,
				DCC48B8C1FD83BE700B6EBCB /* Info.plist */,
				DCC48B971FD83C7300B6EBCB /* ProductTests.swift */,
			);
			path = DueDueTests;
			sourceTree = "<group>";
		};
/* End PBXGroup section */

/* Begin PBXNativeTarget section */
		DCC48B6F1FD83BE700B6EBCB /* DueDue */ = {
			isa = PBXNativeTarget;
			buildConfigurationList = DCC48B8F1FD83BE700B6EBCB /* Build configuration list for PBXNativeTarget "DueDue" */;
			buildPhases = (
				85BACB48078B4F26EB16287C /* [CP] Check Pods Manifest.lock */,
				DCC48B6C1FD83BE700B6EBCB /* Sources */,
				DCC48B6D1FD83BE700B6EBCB /* Frameworks */,
				DCC48B6E1FD83BE700B6EBCB /* Resources */,
				22E232FED5A0DC452528427A /* [CP] Embed Pods Frameworks */,
				0C0E2FC795A27A5418133344 /* [CP] Copy Pods Resources */,
			);
			buildRules = (
			);
			dependencies = (
			);
			name = DueDue;
			productName = DueDue;
			productReference = DCC48B701FD83BE700B6EBCB /* DueDue.app */;
			productType = "com.apple.product-type.application";
		};
		DCC48B851FD83BE700B6EBCB /* DueDueTests */ = {
			isa = PBXNativeTarget;
			buildConfigurationList = DCC48B921FD83BE700B6EBCB /* Build configuration list for PBXNativeTarget "DueDueTests" */;
			buildPhases = (
				7CCD9D9B1C2754AFC227F4D7 /* [CP] Check Pods Manifest.lock */,
				DCC48B821FD83BE700B6EBCB /* Sources */,
				DCC48B831FD83BE700B6EBCB /* Frameworks */,
				DCC48B841FD83BE700B6EBCB /* Resources */,
				9481D643D5544679172D3C2D /* [CP] Embed Pods Frameworks */,
				9DCDA3CFBD4D14F6E81DA738 /* [CP] Copy Pods Resources */,
			);
			buildRules = (
			);
			dependencies = (
				DCC48B881FD83BE700B6EBCB /* PBXTargetDependency */,
			);
			name = DueDueTests;
			productName = DueDueTests;
			productReference = DCC48B861FD83BE700B6EBCB /* DueDueTests.xctest */;
			productType = "com.apple.product-type.bundle.unit-test";
		};
/* End PBXNativeTarget section */

/* Begin PBXProject section */
		DCC48B681FD83BE700B6EBCB /* Project object */ = {
			isa = PBXProject;
			attributes = {
				LastSwiftUpdateCheck = 0920;
				LastUpgradeCheck = 0920;
				ORGANIZATIONNAME = msmulski;
				TargetAttributes = {
					DCC48B6F1FD83BE700B6EBCB = {
						CreatedOnToolsVersion = 9.2;
						ProvisioningStyle = Automatic;
					};
					DCC48B851FD83BE700B6EBCB = {
						CreatedOnToolsVersion = 9.2;
						ProvisioningStyle = Automatic;
						TestTargetID = DCC48B6F1FD83BE700B6EBCB;
					};
				};
			};
			buildConfigurationList = DCC48B6B1FD83BE700B6EBCB /* Build configuration list for PBXProject "DueDue" */;
			compatibilityVersion = "Xcode 8.0";
			developmentRegion = en;
			hasScannedForEncodings = 0;
			knownRegions = (
				en,
				Base,
			);
			mainGroup = DCC48B671FD83BE700B6EBCB;
			productRefGroup = DCC48B711FD83BE700B6EBCB /* Products */;
			projectDirPath = "";
			projectRoot = "";
			targets = (
				DCC48B6F1FD83BE700B6EBCB /* DueDue */,
				DCC48B851FD83BE700B6EBCB /* DueDueTests */,
			);
		};
/* End PBXProject section */

/* Begin PBXResourcesBuildPhase section */
		DCC48B6E1FD83BE700B6EBCB /* Resources */ = {
			isa = PBXResourcesBuildPhase;
			buildActionMask = 2147483647;
			files = (
				DCC48B801FD83BE700B6EBCB /* LaunchScreen.storyboard in Resources */,
				DCC48B7D1FD83BE700B6EBCB /* Assets.xcassets in Resources */,
				DCC48B7B1FD83BE700B6EBCB /* Main.storyboard in Resources */,
			);
			runOnlyForDeploymentPostprocessing = 0;
		};
		DCC48B841FD83BE700B6EBCB /* Resources */ = {
			isa = PBXResourcesBuildPhase;
			buildActionMask = 2147483647;
			files = (
			);
			runOnlyForDeploymentPostprocessing = 0;
		};
/* End PBXResourcesBuildPhase section */

/* Begin PBXShellScriptBuildPhase section */
		0C0E2FC795A27A5418133344 /* [CP] Copy Pods Resources */ = {
			isa = PBXShellScriptBuildPhase;
			buildActionMask = 2147483647;
			files = (
			);
			inputPaths = (
			);
			name = "[CP] Copy Pods Resources";
			outputPaths = (
			);
			runOnlyForDeploymentPostprocessing = 0;
			shellPath = /bin/sh;
			shellScript = "\"${SRCROOT}/Pods/Target Support Files/Pods-DueDue/Pods-DueDue-resources.sh\"\n";
			showEnvVarsInLog = 0;
		};
		22E232FED5A0DC452528427A /* [CP] Embed Pods Frameworks */ = {
			isa = PBXShellScriptBuildPhase;
			buildActionMask = 2147483647;
			files = (
			);
			inputPaths = (
				"${SRCROOT}/Pods/Target Support Files/Pods-DueDue/Pods-DueDue-frameworks.sh",
				"${BUILT_PRODUCTS_DIR}/RxCocoa/RxCocoa.framework",
				"${BUILT_PRODUCTS_DIR}/RxSwift/RxSwift.framework",
			);
			name = "[CP] Embed Pods Frameworks";
			outputPaths = (
				"${TARGET_BUILD_DIR}/${FRAMEWORKS_FOLDER_PATH}/RxCocoa.framework",
				"${TARGET_BUILD_DIR}/${FRAMEWORKS_FOLDER_PATH}/RxSwift.framework",
			);
			runOnlyForDeploymentPostprocessing = 0;
			shellPath = /bin/sh;
			shellScript = "\"${SRCROOT}/Pods/Target Support Files/Pods-DueDue/Pods-DueDue-frameworks.sh\"\n";
			showEnvVarsInLog = 0;
		};
		7CCD9D9B1C2754AFC227F4D7 /* [CP] Check Pods Manifest.lock */ = {
			isa = PBXShellScriptBuildPhase;
			buildActionMask = 2147483647;
			files = (
			);
			inputPaths = (
				"${PODS_PODFILE_DIR_PATH}/Podfile.lock",
				"${PODS_ROOT}/Manifest.lock",
			);
			name = "[CP] Check Pods Manifest.lock";
			outputPaths = (
				"$(DERIVED_FILE_DIR)/Pods-DueDueTests-checkManifestLockResult.txt",
			);
			runOnlyForDeploymentPostprocessing = 0;
			shellPath = /bin/sh;
			shellScript = "diff \"${PODS_PODFILE_DIR_PATH}/Podfile.lock\" \"${PODS_ROOT}/Manifest.lock\" > /dev/null\nif [ $? != 0 ] ; then\n    # print error to STDERR\n    echo \"error: The sandbox is not in sync with the Podfile.lock. Run 'pod install' or update your CocoaPods installation.\" >&2\n    exit 1\nfi\n# This output is used by Xcode 'outputs' to avoid re-running this script phase.\necho \"SUCCESS\" > \"${SCRIPT_OUTPUT_FILE_0}\"\n";
			showEnvVarsInLog = 0;
		};
		85BACB48078B4F26EB16287C /* [CP] Check Pods Manifest.lock */ = {
			isa = PBXShellScriptBuildPhase;
			buildActionMask = 2147483647;
			files = (
			);
			inputPaths = (
				"${PODS_PODFILE_DIR_PATH}/Podfile.lock",
				"${PODS_ROOT}/Manifest.lock",
			);
			name = "[CP] Check Pods Manifest.lock";
			outputPaths = (
				"$(DERIVED_FILE_DIR)/Pods-DueDue-checkManifestLockResult.txt",
			);
			runOnlyForDeploymentPostprocessing = 0;
			shellPath = /bin/sh;
			shellScript = "diff \"${PODS_PODFILE_DIR_PATH}/Podfile.lock\" \"${PODS_ROOT}/Manifest.lock\" > /dev/null\nif [ $? != 0 ] ; then\n    # print error to STDERR\n    echo \"error: The sandbox is not in sync with the Podfile.lock. Run 'pod install' or update your CocoaPods installation.\" >&2\n    exit 1\nfi\n# This output is used by Xcode 'outputs' to avoid re-running this script phase.\necho \"SUCCESS\" > \"${SCRIPT_OUTPUT_FILE_0}\"\n";
			showEnvVarsInLog = 0;
		};
		9481D643D5544679172D3C2D /* [CP] Embed Pods Frameworks */ = {
			isa = PBXShellScriptBuildPhase;
			buildActionMask = 2147483647;
			files = (
			);
			inputPaths = (
			);
			name = "[CP] Embed Pods Frameworks";
			outputPaths = (
			);
			runOnlyForDeploymentPostprocessing = 0;
			shellPath = /bin/sh;
			shellScript = "\"${SRCROOT}/Pods/Target Support Files/Pods-DueDueTests/Pods-DueDueTests-frameworks.sh\"\n";
			showEnvVarsInLog = 0;
		};
		9DCDA3CFBD4D14F6E81DA738 /* [CP] Copy Pods Resources */ = {
			isa = PBXShellScriptBuildPhase;
			buildActionMask = 2147483647;
			files = (
			);
			inputPaths = (
			);
			name = "[CP] Copy Pods Resources";
			outputPaths = (
			);
			runOnlyForDeploymentPostprocessing = 0;
			shellPath = /bin/sh;
			shellScript = "\"${SRCROOT}/Pods/Target Support Files/Pods-DueDueTests/Pods-DueDueTests-resources.sh\"\n";
			showEnvVarsInLog = 0;
		};
/* End PBXShellScriptBuildPhase section */

/* Begin PBXSourcesBuildPhase section */
		DCC48B6C1FD83BE700B6EBCB /* Sources */ = {
			isa = PBXSourcesBuildPhase;
			buildActionMask = 2147483647;
			files = (
				DCC48B781FD83BE700B6EBCB /* DetailViewController.swift in Sources */,
				DCC48B961FD83C6500B6EBCB /* Product.swift in Sources */,
				DCC48B761FD83BE700B6EBCB /* MasterViewController.swift in Sources */,
				DCC48B741FD83BE700B6EBCB /* AppDelegate.swift in Sources */,
			);
			runOnlyForDeploymentPostprocessing = 0;
		};
		DCC48B821FD83BE700B6EBCB /* Sources */ = {
			isa = PBXSourcesBuildPhase;
			buildActionMask = 2147483647;
			files = (
				DCC48B8B1FD83BE700B6EBCB /* DueDueTests.swift in Sources */,
				DCC48B981FD83C7300B6EBCB /* ProductTests.swift in Sources */,
			);
			runOnlyForDeploymentPostprocessing = 0;
		};
/* End PBXSourcesBuildPhase section */

/* Begin PBXTargetDependency section */
		DCC48B881FD83BE700B6EBCB /* PBXTargetDependency */ = {
			isa = PBXTargetDependency;
			target = DCC48B6F1FD83BE700B6EBCB /* DueDue */;
			targetProxy = DCC48B871FD83BE700B6EBCB /* PBXContainerItemProxy */;
		};
/* End PBXTargetDependency section */

/* Begin PBXVariantGroup section */
		DCC48B791FD83BE700B6EBCB /* Main.storyboard */ = {
			isa = PBXVariantGroup;
			children = (
				DCC48B7A1FD83BE700B6EBCB /* Base */,
			);
			name = Main.storyboard;
			sourceTree = "<group>";
		};
		DCC48B7E1FD83BE700B6EBCB /* LaunchScreen.storyboard */ = {
			isa = PBXVariantGroup;
			children = (
				DCC48B7F1FD83BE700B6EBCB /* Base */,
			);
			name = LaunchScreen.storyboard;
			sourceTree = "<group>";
		};
/* End PBXVariantGroup section */

/* Begin XCBuildConfiguration section */
		DCC48B8D1FD83BE700B6EBCB /* Debug */ = {
			isa = XCBuildConfiguration;
			buildSettings = {
				ALWAYS_SEARCH_USER_PATHS = NO;
				CLANG_ANALYZER_NONNULL = YES;
				CLANG_ANALYZER_NUMBER_OBJECT_CONVERSION = YES_AGGRESSIVE;
				CLANG_CXX_LANGUAGE_STANDARD = "gnu++14";
				CLANG_CXX_LIBRARY = "libc++";
				CLANG_ENABLE_MODULES = YES;
				CLANG_ENABLE_OBJC_ARC = YES;
				CLANG_WARN_BLOCK_CAPTURE_AUTORELEASING = YES;
				CLANG_WARN_BOOL_CONVERSION = YES;
				CLANG_WARN_COMMA = YES;
				CLANG_WARN_CONSTANT_CONVERSION = YES;
				CLANG_WARN_DIRECT_OBJC_ISA_USAGE = YES_ERROR;
				CLANG_WARN_DOCUMENTATION_COMMENTS = YES;
				CLANG_WARN_EMPTY_BODY = YES;
				CLANG_WARN_ENUM_CONVERSION = YES;
				CLANG_WARN_INFINITE_RECURSION = YES;
				CLANG_WARN_INT_CONVERSION = YES;
				CLANG_WARN_NON_LITERAL_NULL_CONVERSION = YES;
				CLANG_WARN_OBJC_LITERAL_CONVERSION = YES;
				CLANG_WARN_OBJC_ROOT_CLASS = YES_ERROR;
				CLANG_WARN_RANGE_LOOP_ANALYSIS = YES;
				CLANG_WARN_STRICT_PROTOTYPES = YES;
				CLANG_WARN_SUSPICIOUS_MOVE = YES;
				CLANG_WARN_UNGUARDED_AVAILABILITY = YES_AGGRESSIVE;
				CLANG_WARN_UNREACHABLE_CODE = YES;
				CLANG_WARN__DUPLICATE_METHOD_MATCH = YES;
				CODE_SIGN_IDENTITY = "iPhone Developer";
				COPY_PHASE_STRIP = NO;
				DEBUG_INFORMATION_FORMAT = dwarf;
				ENABLE_STRICT_OBJC_MSGSEND = YES;
				ENABLE_TESTABILITY = YES;
				GCC_C_LANGUAGE_STANDARD = gnu11;
				GCC_DYNAMIC_NO_PIC = NO;
				GCC_NO_COMMON_BLOCKS = YES;
				GCC_OPTIMIZATION_LEVEL = 0;
				GCC_PREPROCESSOR_DEFINITIONS = (
					"DEBUG=1",
					"$(inherited)",
				);
				GCC_WARN_64_TO_32_BIT_CONVERSION = YES;
				GCC_WARN_ABOUT_RETURN_TYPE = YES_ERROR;
				GCC_WARN_UNDECLARED_SELECTOR = YES;
				GCC_WARN_UNINITIALIZED_AUTOS = YES_AGGRESSIVE;
				GCC_WARN_UNUSED_FUNCTION = YES;
				GCC_WARN_UNUSED_VARIABLE = YES;
				IPHONEOS_DEPLOYMENT_TARGET = 11.2;
				MTL_ENABLE_DEBUG_INFO = YES;
				ONLY_ACTIVE_ARCH = YES;
				SDKROOT = iphoneos;
				SWIFT_ACTIVE_COMPILATION_CONDITIONS = DEBUG;
				SWIFT_OPTIMIZATION_LEVEL = "-Onone";
			};
			name = Debug;
		};
		DCC48B8E1FD83BE700B6EBCB /* Release */ = {
			isa = XCBuildConfiguration;
			buildSettings = {
				ALWAYS_SEARCH_USER_PATHS = NO;
				CLANG_ANALYZER_NONNULL = YES;
				CLANG_ANALYZER_NUMBER_OBJECT_CONVERSION = YES_AGGRESSIVE;
				CLANG_CXX_LANGUAGE_STANDARD = "gnu++14";
				CLANG_CXX_LIBRARY = "libc++";
				CLANG_ENABLE_MODULES = YES;
				CLANG_ENABLE_OBJC_ARC = YES;
				CLANG_WARN_BLOCK_CAPTURE_AUTORELEASING = YES;
				CLANG_WARN_BOOL_CONVERSION = YES;
				CLANG_WARN_COMMA = YES;
				CLANG_WARN_CONSTANT_CONVERSION = YES;
				CLANG_WARN_DIRECT_OBJC_ISA_USAGE = YES_ERROR;
				CLANG_WARN_DOCUMENTATION_COMMENTS = YES;
				CLANG_WARN_EMPTY_BODY = YES;
				CLANG_WARN_ENUM_CONVERSION = YES;
				CLANG_WARN_INFINITE_RECURSION = YES;
				CLANG_WARN_INT_CONVERSION = YES;
				CLANG_WARN_NON_LITERAL_NULL_CONVERSION = YES;
				CLANG_WARN_OBJC_LITERAL_CONVERSION = YES;
				CLANG_WARN_OBJC_ROOT_CLASS = YES_ERROR;
				CLANG_WARN_RANGE_LOOP_ANALYSIS = YES;
				CLANG_WARN_STRICT_PROTOTYPES = YES;
				CLANG_WARN_SUSPICIOUS_MOVE = YES;
				CLANG_WARN_UNGUARDED_AVAILABILITY = YES_AGGRESSIVE;
				CLANG_WARN_UNREACHABLE_CODE = YES;
				CLANG_WARN__DUPLICATE_METHOD_MATCH = YES;
				CODE_SIGN_IDENTITY = "iPhone Developer";
				COPY_PHASE_STRIP = NO;
				DEBUG_INFORMATION_FORMAT = "dwarf-with-dsym";
				ENABLE_NS_ASSERTIONS = NO;
				ENABLE_STRICT_OBJC_MSGSEND = YES;
				GCC_C_LANGUAGE_STANDARD = gnu11;
				GCC_NO_COMMON_BLOCKS = YES;
				GCC_WARN_64_TO_32_BIT_CONVERSION = YES;
				GCC_WARN_ABOUT_RETURN_TYPE = YES_ERROR;
				GCC_WARN_UNDECLARED_SELECTOR = YES;
				GCC_WARN_UNINITIALIZED_AUTOS = YES_AGGRESSIVE;
				GCC_WARN_UNUSED_FUNCTION = YES;
				GCC_WARN_UNUSED_VARIABLE = YES;
				IPHONEOS_DEPLOYMENT_TARGET = 11.2;
				MTL_ENABLE_DEBUG_INFO = NO;
				SDKROOT = iphoneos;
				SWIFT_OPTIMIZATION_LEVEL = "-Owholemodule";
				VALIDATE_PRODUCT = YES;
			};
			name = Release;
		};
		DCC48B901FD83BE700B6EBCB /* Debug */ = {
			isa = XCBuildConfiguration;
			baseConfigurationReference = C4B670BB29F0DD05D0648D42 /* Pods-DueDue.debug.xcconfig */;
			buildSettings = {
				ASSETCATALOG_COMPILER_APPICON_NAME = AppIcon;
				CODE_SIGN_STYLE = Automatic;
				INFOPLIST_FILE = DueDue/Info.plist;
				LD_RUNPATH_SEARCH_PATHS = "$(inherited) @executable_path/Frameworks";
				PRODUCT_BUNDLE_IDENTIFIER = com.smulski.DueDue;
				PRODUCT_NAME = "$(TARGET_NAME)";
				SWIFT_VERSION = 4.0;
				TARGETED_DEVICE_FAMILY = "1,2";
			};
			name = Debug;
		};
		DCC48B911FD83BE700B6EBCB /* Release */ = {
			isa = XCBuildConfiguration;
			baseConfigurationReference = FF1470EF00D9F07437DE0523 /* Pods-DueDue.release.xcconfig */;
			buildSettings = {
				ASSETCATALOG_COMPILER_APPICON_NAME = AppIcon;
				CODE_SIGN_STYLE = Automatic;
				INFOPLIST_FILE = DueDue/Info.plist;
				LD_RUNPATH_SEARCH_PATHS = "$(inherited) @executable_path/Frameworks";
				PRODUCT_BUNDLE_IDENTIFIER = com.smulski.DueDue;
				PRODUCT_NAME = "$(TARGET_NAME)";
				SWIFT_VERSION = 4.0;
				TARGETED_DEVICE_FAMILY = "1,2";
			};
			name = Release;
		};
		DCC48B931FD83BE700B6EBCB /* Debug */ = {
			isa = XCBuildConfiguration;
			baseConfigurationReference = 47680D6EE9E91F1BF8AC4A53 /* Pods-DueDueTests.debug.xcconfig */;
			buildSettings = {
				ALWAYS_EMBED_SWIFT_STANDARD_LIBRARIES = YES;
				BUNDLE_LOADER = "$(TEST_HOST)";
				CODE_SIGN_STYLE = Automatic;
				INFOPLIST_FILE = DueDueTests/Info.plist;
				LD_RUNPATH_SEARCH_PATHS = "$(inherited) @executable_path/Frameworks @loader_path/Frameworks";
				PRODUCT_BUNDLE_IDENTIFIER = com.smulski.DueDueTests;
				PRODUCT_NAME = "$(TARGET_NAME)";
				SWIFT_VERSION = 4.0;
				TARGETED_DEVICE_FAMILY = "1,2";
				TEST_HOST = "$(BUILT_PRODUCTS_DIR)/DueDue.app/DueDue";
			};
			name = Debug;
		};
		DCC48B941FD83BE700B6EBCB /* Release */ = {
			isa = XCBuildConfiguration;
			baseConfigurationReference = 7821A071A62668D36D0E7AEC /* Pods-DueDueTests.release.xcconfig */;
			buildSettings = {
				ALWAYS_EMBED_SWIFT_STANDARD_LIBRARIES = YES;
				BUNDLE_LOADER = "$(TEST_HOST)";
				CODE_SIGN_STYLE = Automatic;
				INFOPLIST_FILE = DueDueTests/Info.plist;
				LD_RUNPATH_SEARCH_PATHS = "$(inherited) @executable_path/Frameworks @loader_path/Frameworks";
				PRODUCT_BUNDLE_IDENTIFIER = com.smulski.DueDueTests;
				PRODUCT_NAME = "$(TARGET_NAME)";
				SWIFT_VERSION = 4.0;
				TARGETED_DEVICE_FAMILY = "1,2";
				TEST_HOST = "$(BUILT_PRODUCTS_DIR)/DueDue.app/DueDue";
			};
			name = Release;
		};
/* End XCBuildConfiguration section */

/* Begin XCConfigurationList section */
		DCC48B6B1FD83BE700B6EBCB /* Build configuration list for PBXProject "DueDue" */ = {
			isa = XCConfigurationList;
			buildConfigurations = (
				DCC48B8D1FD83BE700B6EBCB /* Debug */,
				DCC48B8E1FD83BE700B6EBCB /* Release */,
			);
			defaultConfigurationIsVisible = 0;
			defaultConfigurationName = Release;
		};
		DCC48B8F1FD83BE700B6EBCB /* Build configuration list for PBXNativeTarget "DueDue" */ = {
			isa = XCConfigurationList;
			buildConfigurations = (
				DCC48B901FD83BE700B6EBCB /* Debug */,
				DCC48B911FD83BE700B6EBCB /* Release */,
			);
			defaultConfigurationIsVisible = 0;
			defaultConfigurationName = Release;
		};
		DCC48B921FD83BE700B6EBCB /* Build configuration list for PBXNativeTarget "DueDueTests" */ = {
			isa = XCConfigurationList;
			buildConfigurations = (
				DCC48B931FD83BE700B6EBCB /* Debug */,
				DCC48B941FD83BE700B6EBCB /* Release */,
			);
			defaultConfigurationIsVisible = 0;
			defaultConfigurationName = Release;
		};
/* End XCConfigurationList section */
	};
	rootObject = DCC48B681FD83BE700B6EBCB /* Project object */;
}
